{
  "name": "JavaScriptRev",
  "lockfileVersion": 3,
  "requires": true,
  "packages": {
    "": {
      "dependencies": {
        "debounce": "^3.0.0",
        "lodash.throttle": "^4.1.1"
      }
    },
    "node_modules/debounce": {
      "version": "3.0.0",
      "resolved": "https://registry.npmjs.org/debounce/-/debounce-3.0.0.tgz",
      "integrity": "sha512-64byRbF0/AirwbuHqB3/ZpMG9/nckDa6ZA0yd6UnaQNwbbemCOwvz2sL5sjXLHhZHADyiwLm0M5qMhltUUx+TA==",
      "license": "MIT",
      "engines": {
        "node": ">=20"
      },
      "funding": {
        "url": "https://github.com/sponsors/sindresorhus"
      }
    },
    "node_modules/lodash.throttle": {
      "version": "4.1.1",
      "resolved": "https://registry.npmjs.org/lodash.throttle/-/lodash.throttle-4.1.1.tgz",
      "integrity": "sha512-wIkUCfVKpVsWo3JSZlc+8MB5it+2AN5W8J7YVMST30UrvcQNZ1Okbj+rbVniijTWE6FGYy4XJq/rHkas8qJMLQ==",
      "license": "MIT"
    }
  }
}
